
Microsoft Visual Studio Solution File, Format Version 12.00
# Visual Studio Version 16
VisualStudioVersion = 16.0.30413.136
MinimumVisualStudioVersion = 10.0.40219.1
Project("{2150E333-8FDC-42A3-9474-1A3956D46DE8}") = "Solution Items", "Solution Items", "{CC2BDA66-7822-472C-AC05-5BEE33E87438}"
	ProjectSection(SolutionItems) = preProject
		.editorconfig = .editorconfig
		..\README.md = ..\README.md
	EndProjectSection
EndProject
Project("{13B669BE-BB05-4DDF-9536-439F39A36129}") = "Raccoony.PilotSpeak", "Raccoony.PilotSpeak\Raccoony.PilotSpeak\Raccoony.PilotSpeak.msbuildproj", "{E5DA1F36-ABBD-4046-B157-07FD1BCEB9F4}"
EndProject
Project("{9A19103F-16F7-4668-BE54-9A1E7A4F7556}") = "Raccoony.PilotSpeak.Server", "Raccoony.PilotSpeak\Raccoony.PilotSpeak.Server\Raccoony.PilotSpeak.Server.csproj", "{D17570A2-1CA9-4A46-BD20-6B99A3C2A6DF}"
EndProject
Global
	GlobalSection(SolutionConfigurationPlatforms) = preSolution
		Debug|Any CPU = Debug|Any CPU
		Release|Any CPU = Release|Any CPU
	EndGlobalSection
	GlobalSection(ProjectConfigurationPlatforms) = postSolution
		{E5DA1F36-ABBD-4046-B157-07FD1BCEB9F4}.Debug|Any CPU.ActiveCfg = Debug|Any CPU
		{E5DA1F36-ABBD-4046-B157-07FD1BCEB9F4}.Debug|Any CPU.Build.0 = Debug|Any CPU
		{E5DA1F36-ABBD-4046-B157-07FD1BCEB9F4}.Release|Any CPU.ActiveCfg = Release|Any CPU
		{E5DA1F36-ABBD-4046-B157-07FD1BCEB9F4}.Release|Any CPU.Build.0 = Release|Any CPU
		{D17570A2-1CA9-4A46-BD20-6B99A3C2A6DF}.Debug|Any CPU.ActiveCfg = Debug|Any CPU
		{D17570A2-1CA9-4A46-BD20-6B99A3C2A6DF}.Debug|Any CPU.Build.0 = Debug|Any CPU
		{D17570A2-1CA9-4A46-BD20-6B99A3C2A6DF}.Release|Any CPU.ActiveCfg = Release|Any CPU
		{D17570A2-1CA9-4A46-BD20-6B99A3C2A6DF}.Release|Any CPU.Build.0 = Release|Any CPU
	EndGlobalSection
	GlobalSection(SolutionProperties) = preSolution
		HideSolutionNode = FALSE
	EndGlobalSection
	GlobalSection(ExtensibilityGlobals) = postSolution
		SolutionGuid = {24583C9E-63F3-4D85-853A-D2B163FD3147}
	EndGlobalSection
EndGlobal
