
Microsoft Visual Studio Solution File, Format Version 12.00
# Visual Studio Version 16
VisualStudioVersion = 16.0.30413.136
MinimumVisualStudioVersion = 10.0.40219.1
Project("{FAE04EC0-301F-11D3-BF4B-00C04F79EFBC}") = "PilotSpeakGenerator.Server", "Raccoony.PilotSpeakGenerator\Server\PilotSpeakGenerator.Server.csproj", "{1608FA52-745F-42C5-B995-7790CA14C1BB}"
EndProject
Project("{13B669BE-BB05-4DDF-9536-439F39A36129}") = "Raccoony.PilotSpeakGenerator", "Raccoony.PilotSpeakGenerator\Raccoony.PilotSpeakGenerator\Raccoony.PilotSpeakGenerator.msbuildproj", "{4D66905F-C2AF-4752-8BC8-794F2D2962E7}"
EndProject
Project("{2150E333-8FDC-42A3-9474-1A3956D46DE8}") = "Solution Items", "Solution Items", "{CC2BDA66-7822-472C-AC05-5BEE33E87438}"
	ProjectSection(SolutionItems) = preProject
		.editorconfig = .editorconfig
	EndProjectSection
EndProject
Global
	GlobalSection(SolutionConfigurationPlatforms) = preSolution
		Debug|Any CPU = Debug|Any CPU
		Release|Any CPU = Release|Any CPU
	EndGlobalSection
	GlobalSection(ProjectConfigurationPlatforms) = postSolution
		{1608FA52-745F-42C5-B995-7790CA14C1BB}.Debug|Any CPU.ActiveCfg = Debug|Any CPU
		{1608FA52-745F-42C5-B995-7790CA14C1BB}.Debug|Any CPU.Build.0 = Debug|Any CPU
		{1608FA52-745F-42C5-B995-7790CA14C1BB}.Release|Any CPU.ActiveCfg = Release|Any CPU
		{1608FA52-745F-42C5-B995-7790CA14C1BB}.Release|Any CPU.Build.0 = Release|Any CPU
		{4D66905F-C2AF-4752-8BC8-794F2D2962E7}.Debug|Any CPU.ActiveCfg = Debug|Any CPU
		{4D66905F-C2AF-4752-8BC8-794F2D2962E7}.Debug|Any CPU.Build.0 = Debug|Any CPU
		{4D66905F-C2AF-4752-8BC8-794F2D2962E7}.Release|Any CPU.ActiveCfg = Release|Any CPU
		{4D66905F-C2AF-4752-8BC8-794F2D2962E7}.Release|Any CPU.Build.0 = Release|Any CPU
	EndGlobalSection
	GlobalSection(SolutionProperties) = preSolution
		HideSolutionNode = FALSE
	EndGlobalSection
	GlobalSection(ExtensibilityGlobals) = postSolution
		SolutionGuid = {24583C9E-63F3-4D85-853A-D2B163FD3147}
	EndGlobalSection
EndGlobal
